Microsoft Visual Studio Solution File, Format Version 7.00
Project("{FAE04EC0-301F-11D3-BF4B-00C04F79EFBC}") = "axis", "axis\axis.csproj", "{71F81C75-CC5D-4639-A0F8-1578D389DA77}"
EndProject
Project("{FAE04EC0-301F-11D3-BF4B-00C04F79EFBC}") = "dlink", "dlink\dlink.csproj", "{3F476E5D-20B3-4DE6-AC8A-D85467E178CC}"
EndProject
Project("{FAE04EC0-301F-11D3-BF4B-00C04F79EFBC}") = "dshow", "dshow\dshow.csproj", "{37B08AFD-F4BC-4E13-9119-537BA6A12CCB}"
EndProject
Project("{FAE04EC0-301F-11D3-BF4B-00C04F79EFBC}") = "jpeg", "jpeg\jpeg.csproj", "{12B07013-AF6E-4B7D-9B3B-639A5335BCA3}"
EndProject
Project("{FAE04EC0-301F-11D3-BF4B-00C04F79EFBC}") = "local", "local\local.csproj", "{CB52EF88-BEC3-455F-A13A-E5FFF03C30D8}"
EndProject
Project("{FAE04EC0-301F-11D3-BF4B-00C04F79EFBC}") = "mjpeg", "mjpeg\mjpeg.csproj", "{34B5D8D9-560B-48F5-85AC-06C62E47A637}"
EndProject
Project("{FAE04EC0-301F-11D3-BF4B-00C04F79EFBC}") = "multisource", "multisource\multisource.csproj", "{429D69C8-B666-43D9-BFDE-A6BE1DAEC8DB}"
EndProject
Project("{FAE04EC0-301F-11D3-BF4B-00C04F79EFBC}") = "panasonic", "panasonic\panasonic.csproj", "{B9E5F8F7-C682-4A42-B8D4-958FADEB1D27}"
EndProject
Project("{FAE04EC0-301F-11D3-BF4B-00C04F79EFBC}") = "pixord", "pixord\pixord.csproj", "{EC82DDBB-D996-4BE2-A30E-B706A3CF9133}"
EndProject
Project("{FAE04EC0-301F-11D3-BF4B-00C04F79EFBC}") = "stardot", "stardot\stardot.csproj", "{E6405F43-30E6-4F18-BD3E-9AACF1C296DD}"
EndProject
Project("{FAE04EC0-301F-11D3-BF4B-00C04F79EFBC}") = "stream", "stream\stream.csproj", "{9931AB4F-70A8-42E3-AFF7-092D9241B522}"
EndProject
Project("{FAE04EC0-301F-11D3-BF4B-00C04F79EFBC}") = "videosource", "videosource\videosource.csproj", "{41A3C64D-F40A-421C-A8FC-5BF46EE5247C}"
EndProject
Global
	GlobalSection(SolutionConfiguration) = preSolution
		ConfigName.0 = Debug
		ConfigName.1 = Release
	EndGlobalSection
	GlobalSection(ProjectDependencies) = postSolution
		{71F81C75-CC5D-4639-A0F8-1578D389DA77}.0 = {41A3C64D-F40A-421C-A8FC-5BF46EE5247C}
		{71F81C75-CC5D-4639-A0F8-1578D389DA77}.1 = {12B07013-AF6E-4B7D-9B3B-639A5335BCA3}
		{71F81C75-CC5D-4639-A0F8-1578D389DA77}.2 = {34B5D8D9-560B-48F5-85AC-06C62E47A637}
		{71F81C75-CC5D-4639-A0F8-1578D389DA77}.3 = {429D69C8-B666-43D9-BFDE-A6BE1DAEC8DB}
		{71F81C75-CC5D-4639-A0F8-1578D389DA77}.4 = {34B5D8D9-560B-48F5-85AC-06C62E47A637}
		{71F81C75-CC5D-4639-A0F8-1578D389DA77}.5 = {12B07013-AF6E-4B7D-9B3B-639A5335BCA3}
		{71F81C75-CC5D-4639-A0F8-1578D389DA77}.6 = {41A3C64D-F40A-421C-A8FC-5BF46EE5247C}
		{3F476E5D-20B3-4DE6-AC8A-D85467E178CC}.0 = {41A3C64D-F40A-421C-A8FC-5BF46EE5247C}
		{3F476E5D-20B3-4DE6-AC8A-D85467E178CC}.1 = {12B07013-AF6E-4B7D-9B3B-639A5335BCA3}
		{3F476E5D-20B3-4DE6-AC8A-D85467E178CC}.2 = {12B07013-AF6E-4B7D-9B3B-639A5335BCA3}
		{3F476E5D-20B3-4DE6-AC8A-D85467E178CC}.3 = {41A3C64D-F40A-421C-A8FC-5BF46EE5247C}
		{12B07013-AF6E-4B7D-9B3B-639A5335BCA3}.0 = {41A3C64D-F40A-421C-A8FC-5BF46EE5247C}
		{12B07013-AF6E-4B7D-9B3B-639A5335BCA3}.1 = {41A3C64D-F40A-421C-A8FC-5BF46EE5247C}
		{CB52EF88-BEC3-455F-A13A-E5FFF03C30D8}.0 = {41A3C64D-F40A-421C-A8FC-5BF46EE5247C}
		{CB52EF88-BEC3-455F-A13A-E5FFF03C30D8}.1 = {41A3C64D-F40A-421C-A8FC-5BF46EE5247C}
		{34B5D8D9-560B-48F5-85AC-06C62E47A637}.0 = {41A3C64D-F40A-421C-A8FC-5BF46EE5247C}
		{34B5D8D9-560B-48F5-85AC-06C62E47A637}.1 = {41A3C64D-F40A-421C-A8FC-5BF46EE5247C}
		{429D69C8-B666-43D9-BFDE-A6BE1DAEC8DB}.0 = {41A3C64D-F40A-421C-A8FC-5BF46EE5247C}
		{429D69C8-B666-43D9-BFDE-A6BE1DAEC8DB}.1 = {41A3C64D-F40A-421C-A8FC-5BF46EE5247C}
		{429D69C8-B666-43D9-BFDE-A6BE1DAEC8DB}.2 = {12B07013-AF6E-4B7D-9B3B-639A5335BCA3}
		{429D69C8-B666-43D9-BFDE-A6BE1DAEC8DB}.3 = {34B5D8D9-560B-48F5-85AC-06C62E47A637}
		{B9E5F8F7-C682-4A42-B8D4-958FADEB1D27}.0 = {41A3C64D-F40A-421C-A8FC-5BF46EE5247C}
		{B9E5F8F7-C682-4A42-B8D4-958FADEB1D27}.1 = {41A3C64D-F40A-421C-A8FC-5BF46EE5247C}
		{EC82DDBB-D996-4BE2-A30E-B706A3CF9133}.0 = {41A3C64D-F40A-421C-A8FC-5BF46EE5247C}
		{EC82DDBB-D996-4BE2-A30E-B706A3CF9133}.1 = {41A3C64D-F40A-421C-A8FC-5BF46EE5247C}
		{E6405F43-30E6-4F18-BD3E-9AACF1C296DD}.0 = {41A3C64D-F40A-421C-A8FC-5BF46EE5247C}
		{E6405F43-30E6-4F18-BD3E-9AACF1C296DD}.1 = {41A3C64D-F40A-421C-A8FC-5BF46EE5247C}
		{9931AB4F-70A8-42E3-AFF7-092D9241B522}.0 = {41A3C64D-F40A-421C-A8FC-5BF46EE5247C}
		{9931AB4F-70A8-42E3-AFF7-092D9241B522}.1 = {41A3C64D-F40A-421C-A8FC-5BF46EE5247C}
	EndGlobalSection
	GlobalSection(ProjectConfiguration) = postSolution
		{71F81C75-CC5D-4639-A0F8-1578D389DA77}.Debug.ActiveCfg = Debug|.NET
		{71F81C75-CC5D-4639-A0F8-1578D389DA77}.Debug.Build.0 = Debug|.NET
		{71F81C75-CC5D-4639-A0F8-1578D389DA77}.Release.ActiveCfg = Release|.NET
		{71F81C75-CC5D-4639-A0F8-1578D389DA77}.Release.Build.0 = Release|.NET
		{3F476E5D-20B3-4DE6-AC8A-D85467E178CC}.Debug.ActiveCfg = Debug|.NET
		{3F476E5D-20B3-4DE6-AC8A-D85467E178CC}.Debug.Build.0 = Debug|.NET
		{3F476E5D-20B3-4DE6-AC8A-D85467E178CC}.Release.ActiveCfg = Release|.NET
		{3F476E5D-20B3-4DE6-AC8A-D85467E178CC}.Release.Build.0 = Release|.NET
		{37B08AFD-F4BC-4E13-9119-537BA6A12CCB}.Debug.ActiveCfg = Debug|.NET
		{37B08AFD-F4BC-4E13-9119-537BA6A12CCB}.Debug.Build.0 = Debug|.NET
		{37B08AFD-F4BC-4E13-9119-537BA6A12CCB}.Release.ActiveCfg = Release|.NET
		{37B08AFD-F4BC-4E13-9119-537BA6A12CCB}.Release.Build.0 = Release|.NET
		{12B07013-AF6E-4B7D-9B3B-639A5335BCA3}.Debug.ActiveCfg = Debug|.NET
		{12B07013-AF6E-4B7D-9B3B-639A5335BCA3}.Debug.Build.0 = Debug|.NET
		{12B07013-AF6E-4B7D-9B3B-639A5335BCA3}.Release.ActiveCfg = Release|.NET
		{12B07013-AF6E-4B7D-9B3B-639A5335BCA3}.Release.Build.0 = Release|.NET
		{CB52EF88-BEC3-455F-A13A-E5FFF03C30D8}.Debug.ActiveCfg = Debug|.NET
		{CB52EF88-BEC3-455F-A13A-E5FFF03C30D8}.Debug.Build.0 = Debug|.NET
		{CB52EF88-BEC3-455F-A13A-E5FFF03C30D8}.Release.ActiveCfg = Release|.NET
		{CB52EF88-BEC3-455F-A13A-E5FFF03C30D8}.Release.Build.0 = Release|.NET
		{34B5D8D9-560B-48F5-85AC-06C62E47A637}.Debug.ActiveCfg = Debug|.NET
		{34B5D8D9-560B-48F5-85AC-06C62E47A637}.Debug.Build.0 = Debug|.NET
		{34B5D8D9-560B-48F5-85AC-06C62E47A637}.Release.ActiveCfg = Release|.NET
		{34B5D8D9-560B-48F5-85AC-06C62E47A637}.Release.Build.0 = Release|.NET
		{429D69C8-B666-43D9-BFDE-A6BE1DAEC8DB}.Debug.ActiveCfg = Debug|.NET
		{429D69C8-B666-43D9-BFDE-A6BE1DAEC8DB}.Debug.Build.0 = Debug|.NET
		{429D69C8-B666-43D9-BFDE-A6BE1DAEC8DB}.Release.ActiveCfg = Release|.NET
		{429D69C8-B666-43D9-BFDE-A6BE1DAEC8DB}.Release.Build.0 = Release|.NET
		{B9E5F8F7-C682-4A42-B8D4-958FADEB1D27}.Debug.ActiveCfg = Debug|.NET
		{B9E5F8F7-C682-4A42-B8D4-958FADEB1D27}.Debug.Build.0 = Debug|.NET
		{B9E5F8F7-C682-4A42-B8D4-958FADEB1D27}.Release.ActiveCfg = Release|.NET
		{B9E5F8F7-C682-4A42-B8D4-958FADEB1D27}.Release.Build.0 = Release|.NET
		{EC82DDBB-D996-4BE2-A30E-B706A3CF9133}.Debug.ActiveCfg = Debug|.NET
		{EC82DDBB-D996-4BE2-A30E-B706A3CF9133}.Debug.Build.0 = Debug|.NET
		{EC82DDBB-D996-4BE2-A30E-B706A3CF9133}.Release.ActiveCfg = Release|.NET
		{EC82DDBB-D996-4BE2-A30E-B706A3CF9133}.Release.Build.0 = Release|.NET
		{E6405F43-30E6-4F18-BD3E-9AACF1C296DD}.Debug.ActiveCfg = Debug|.NET
		{E6405F43-30E6-4F18-BD3E-9AACF1C296DD}.Debug.Build.0 = Debug|.NET
		{E6405F43-30E6-4F18-BD3E-9AACF1C296DD}.Release.ActiveCfg = Release|.NET
		{E6405F43-30E6-4F18-BD3E-9AACF1C296DD}.Release.Build.0 = Release|.NET
		{9931AB4F-70A8-42E3-AFF7-092D9241B522}.Debug.ActiveCfg = Debug|.NET
		{9931AB4F-70A8-42E3-AFF7-092D9241B522}.Debug.Build.0 = Debug|.NET
		{9931AB4F-70A8-42E3-AFF7-092D9241B522}.Release.ActiveCfg = Release|.NET
		{9931AB4F-70A8-42E3-AFF7-092D9241B522}.Release.Build.0 = Release|.NET
		{41A3C64D-F40A-421C-A8FC-5BF46EE5247C}.Debug.ActiveCfg = Debug|.NET
		{41A3C64D-F40A-421C-A8FC-5BF46EE5247C}.Debug.Build.0 = Debug|.NET
		{41A3C64D-F40A-421C-A8FC-5BF46EE5247C}.Release.ActiveCfg = Release|.NET
		{41A3C64D-F40A-421C-A8FC-5BF46EE5247C}.Release.Build.0 = Release|.NET
	EndGlobalSection
	GlobalSection(ExtensibilityGlobals) = postSolution
	EndGlobalSection
	GlobalSection(ExtensibilityAddIns) = postSolution
	EndGlobalSection
EndGlobal
